{
  "name": "functions",
  "requires": true,
  "lockfileVersion": 1,
  "dependencies": {
    "@google-cloud/functions-framework": {
      "version": "1.3.2",
      "resolved": "https://registry.npmjs.org/@google-cloud/functions-framework/-/functions-framework-1.3.2.tgz",
      "integrity": "sha512-xRBokqMNLTK70dWoRJ0AYPGkm9W6IKoZgUArcRhR0idPJa9US8qolhHM7CDMs2sROiMNSSNdmsc+tnsPjzFcEA==",
      "dependencies": {
        "minimist": {
          "version": "1.2.0",
          "resolved": "https://registry.npmjs.org/minimist/-/minimist-1.2.0.tgz",
          "integrity": "sha1-o1AIsg9BOD7sH7kU9M1d95omQoQ="
        }
      }
    },
    "@slack/web-api": {
      "version": "5.6.0",
      "resolved": "https://registry.npmjs.org/@slack/web-api/-/web-api-5.6.0.tgz",
      "integrity": "sha512-/HxTI9/4fMk3su1UAa7oN0n8fGSZLHXGUne3WJ+vjxGek2rvvzazqL6yTRWWWcpttPtsNyjk4KI9FkPq+6yLNg==",
      "dependencies": {
        "form-data": {
          "version": "2.5.1",
          "resolved": "https://registry.npmjs.org/form-data/-/form-data-2.5.1.tgz",
          "integrity": "sha512-m21N3WOmEEURgk6B9GLOE4RuWOFf28Lhh9qGYeNlGq4VDXUlJy2th2slBNU8Gp8EzloYZOibZJ7t5ecIrFSjVA=="
        }
      }
    },
    "cors": {
      "version": "2.8.5",
      "resolved": "https://registry.npmjs.org/cors/-/cors-2.8.5.tgz",
      "integrity": "sha512-KIHbLJqu73RGr/hnbrO9uBeixNGuvSQjul/jdFvS/KFSIH1hWVd1ng7zOHx+YrEfInLG7q4n6GHQ9cDtxv/P6g=="
    },
    "crypto": {
      "version": "1.0.1",
      "resolved": "https://registry.npmjs.org/crypto/-/crypto-1.0.1.tgz",
      "integrity": "sha512-VxBKmeNcqQdiUQUW2Tzq0t377b54N2bMtXO/qiLa+6eRRmmC4qT3D4OnTGoT/U6O9aklQ/jTwbOtRMTTY8G0Ig=="
    },
    "eslint": {
      "version": "4.19.1",
      "resolved": "http://registry.npmjs.org/eslint/-/eslint-4.19.1.tgz",
      "integrity": "sha512-bT3/1x1EbZB7phzYu7vCr1v3ONuzDtX8WjuM9c0iYxe+cq+pwcKEoQjl7zd3RpC6YOLgnSy3cTN58M2jcoPDIQ==",
      "dev": true,
      "dependencies": {
        "ajv": {
          "version": "5.5.2",
          "resolved": "https://registry.npmjs.org/ajv/-/ajv-5.5.2.tgz",
          "integrity": "sha1-c7Xuyj+rZT49P5Qis0GtQiBdyWU="
        },
        "ansi-regex": {
          "version": "3.0.0",
          "resolved": "https://registry.npmjs.org/ansi-regex/-/ansi-regex-3.0.0.tgz",
          "integrity": "sha1-7QMXwyIGT3lGbAKWa922Bas32Zg="
        },
        "debug": {
          "version": "3.2.6",
          "resolved": "https://registry.npmjs.org/debug/-/debug-3.2.6.tgz",
          "integrity": "sha512-mel+jf7nrtEl5Pn1Qx46zARXKDpBbvzezse7p7LqINmdoIk8PYP5SySaxEmYv6TZ0JyEKA1hsCId6DIhgITtWQ=="
        },
        "fast-deep-equal": {
          "version": "1.1.0",
          "resolved": "https://registry.npmjs.org/fast-deep-equal/-/fast-deep-equal-1.1.0.tgz",
          "integrity": "sha1-wFNHeBfIa1HaqFPIHgWbcz0CNhQ="
        },
        "json-schema-traverse": {
          "version": "0.3.1",
          "resolved": "https://registry.npmjs.org/json-schema-traverse/-/json-schema-traverse-0.3.1.tgz",
          "integrity": "sha1-NJptRMU6Ud6JtAgFxdXlm0F9M0A="
        },
        "ms": {
          "version": "2.1.1",
          "resolved": "https://registry.npmjs.org/ms/-/ms-2.1.1.tgz",
          "integrity": "sha512-tgp+dl5cGk28utYktBsrFqA7HKgrhgPsg6Z/EfhWI4gl1Hwq8B/GmY/0oXZ6nF8hDVesS/FpnYaD/kOWhYQvyg=="
        },
        "strip-ansi": {
          "version": "4.0.0",
          "resolved": "https://registry.npmjs.org/strip-ansi/-/strip-ansi-4.0.0.tgz",
          "integrity": "sha1-qEeQIusaw2iocTibY1JixQXuNo8="
        }
      }
    },
    "eslint-plugin-promise": {
      "version": "3.8.0",
      "resolved": "https://registry.npmjs.org/eslint-plugin-promise/-/eslint-plugin-promise-3.8.0.tgz",
      "integrity": "sha512-JiFL9UFR15NKpHyGii1ZcvmtIqa3UTwiDAGb8atSffe43qJ3+1czVGN6UtkklpcJ2DVnqvTMzEKRaJdBkAL2aQ==",
      "dev": true
    },
    "lodash": {
      "version": "4.17.13",
      "resolved": "https://registry.npmjs.org/lodash/-/lodash-4.17.13.tgz",
      "integrity": "sha512-vm3/XWXfWtRua0FkUyEHBZy8kCPjErNBT9fJx8Zvs+U6zjqPbTUOpkaoum3O5uiA8sm+yNMHXfYkTUHFoMxFNA=="
    },
    "request": {
      "version": "2.88.0",
      "resolved": "https://registry.npmjs.org/request/-/request-2.88.0.tgz",
      "integrity": "sha512-NAqBSrijGLZdM0WZNsInLJpkJokL72XYjUpnB0iwsRgxh7dB6COrHnTBNwN0E+lHDAJzu7kLAkDeY08z2/A0hg=="
    },
    "request-promise-native": {
      "version": "1.0.5",
      "resolved": "https://registry.npmjs.org/request-promise-native/-/request-promise-native-1.0.5.tgz",
      "integrity": "sha1-UoF3D2jgyXGeUWP9P6tIIhX0/aU="
    },
    "tsscmp": {
      "version": "1.0.6",
      "resolved": "https://registry.npmjs.org/tsscmp/-/tsscmp-1.0.6.tgz",
      "integrity": "sha512-LxhtAkPDTkVCMQjt2h6eBVY28KCjikZqZfMcC15YBeNjkgUpdCfBu5HoiOTDu86v6smE8yOjyEktJ8hlbANHQA=="
    }
  }
}
